
Microsoft Visual Studio Solution File, Format Version 12.00
# Visual Studio Version 16
VisualStudioVersion = 16.0.31129.286
MinimumVisualStudioVersion = 10.0.40219.1
Project("{FAE04EC0-301F-11D3-BF4B-00C04F79EFBC}") = "CSBBasic", "CSBBasic\CSBBasic.csproj", "{FC1BC6B2-DB4A-4CE3-94A2-A15FBC34B317}"
EndProject
Global
	GlobalSection(SolutionConfigurationPlatforms) = preSolution
		Debug|Any CPU = Debug|Any CPU
		Release|Any CPU = Release|Any CPU
	EndGlobalSection
	GlobalSection(ProjectConfigurationPlatforms) = postSolution
		{FC1BC6B2-DB4A-4CE3-94A2-A15FBC34B317}.Debug|Any CPU.ActiveCfg = Debug|Any CPU
		{FC1BC6B2-DB4A-4CE3-94A2-A15FBC34B317}.Debug|Any CPU.Build.0 = Debug|Any CPU
		{FC1BC6B2-DB4A-4CE3-94A2-A15FBC34B317}.Release|Any CPU.ActiveCfg = Release|Any CPU
		{FC1BC6B2-DB4A-4CE3-94A2-A15FBC34B317}.Release|Any CPU.Build.0 = Release|Any CPU
	EndGlobalSection
	GlobalSection(SolutionProperties) = preSolution
		HideSolutionNode = FALSE
	EndGlobalSection
	GlobalSection(ExtensibilityGlobals) = postSolution
		SolutionGuid = {4BD3DF3B-8B52-478E-972F-A1B71AD9557B}
	EndGlobalSection
EndGlobal
